
Microsoft Visual Studio Solution File, Format Version 12.00
# Visual Studio Version 17
VisualStudioVersion = 17.4.33110.190
MinimumVisualStudioVersion = 10.0.40219.1
Project("{FAE04EC0-301F-11D3-BF4B-00C04F79EFBC}") = "Borsa", "Borsa\Borsa.csproj", "{EF03A0C3-CD43-4AEB-BAC1-F7E67275A2D5}"
EndProject
Global
	GlobalSection(SolutionConfigurationPlatforms) = preSolution
		Debug|Any CPU = Debug|Any CPU
		Release|Any CPU = Release|Any CPU
	EndGlobalSection
	GlobalSection(ProjectConfigurationPlatforms) = postSolution
		{EF03A0C3-CD43-4AEB-BAC1-F7E67275A2D5}.Debug|Any CPU.ActiveCfg = Debug|Any CPU
		{EF03A0C3-CD43-4AEB-BAC1-F7E67275A2D5}.Debug|Any CPU.Build.0 = Debug|Any CPU
		{EF03A0C3-CD43-4AEB-BAC1-F7E67275A2D5}.Release|Any CPU.ActiveCfg = Release|Any CPU
		{EF03A0C3-CD43-4AEB-BAC1-F7E67275A2D5}.Release|Any CPU.Build.0 = Release|Any CPU
	EndGlobalSection
	GlobalSection(SolutionProperties) = preSolution
		HideSolutionNode = FALSE
	EndGlobalSection
	GlobalSection(ExtensibilityGlobals) = postSolution
		SolutionGuid = {14070409-0BF7-4A94-BB1D-7AF08259E289}
	EndGlobalSection
EndGlobal
